{
  "name": "apt_reports",
  "version": "1.0.0",
  "lockfileVersion": 1,
  "requires": true,
  "dependencies": {
    "@eds/vanilla": {
      "version": "2.0.0",
      "resolved": "https://arm.rnd.ki.sw.ericsson.se/artifactory/api/npm/proj-eds-npm-local/@eds/vanilla/-/@eds/vanilla-2.0.0.tgz",
      "integrity": "sha1-mRvzKitASH7E37TPy6RkSdH3IQA="
    }
  }
}
